{
  "name": "indieweb-proof-of-concept",
  "lockfileVersion": 2,
  "requires": true,
  "packages": {
    "": {
      "dependencies": {
        "@vercel/go": "^1.4.3"
      }
    },
    "node_modules/@vercel/go": {
      "version": "1.4.3",
      "resolved": "https://registry.npmjs.org/@vercel/go/-/go-1.4.3.tgz",
      "integrity": "sha512-2ixBzw8tU+1OgO6YTLhvUfAIHlV1hcO6cc9w8aQZDLbZqWvidiTsSY95GOT8BGvU0ctGVS21d5XUzs1eFs2JOw=="
    }
  },
  "dependencies": {
    "@vercel/go": {
      "version": "1.4.3",
      "resolved": "https://registry.npmjs.org/@vercel/go/-/go-1.4.3.tgz",
      "integrity": "sha512-2ixBzw8tU+1OgO6YTLhvUfAIHlV1hcO6cc9w8aQZDLbZqWvidiTsSY95GOT8BGvU0ctGVS21d5XUzs1eFs2JOw=="
    }
  }
}
